<Solution>
  <Folder Name="/src/">
    <Project Path="src/OrderService.csproj" />
  </Folder>
  <Folder Name="/tests/" />
  <Folder Name="/tests/Unit/">
    <Project Path="tests/Unit/OrderService.Unit.Tests.csproj" />
  </Folder>
  <Folder Name="/tests/Integration/">
    <Project Path="tests/Integration/OrderService.Integration.Tests.csproj" />
  </Folder>
</Solution>
